github.com/sdputurn/learn-go v0.0.0-20210628182549-3f49701a6731 h1:wxZGaijC90RSG2viNXobjtPQMm341634JJp7Np8cKa0=
github.com/sdputurn/learn-go v0.0.0-20210628182549-3f49701a6731/go.mod h1:glBEdsoQZmYskXbWo/DgvE29ADpYSXk1pVdGB+Iqu/s=
github.com/sdputurn/learn-go v0.0.0-20210629060009-c36ad7612f86 h1:onXJwc8OJmgnjCKYa0cmY13rS/YavSkeTQcSUSsT/P8=
github.com/sdputurn/learn-go v0.0.0-20210629060009-c36ad7612f86/go.mod h1:glBEdsoQZmYskXbWo/DgvE29ADpYSXk1pVdGB+Iqu/s=
github.com/sdputurn/learn-go v0.0.0-20210629060509-cc7c6fa6610a h1:1z5YnC6oNj/wPxhohC2ufHbpUI9UWdzH2Bv00leVFms=
github.com/sdputurn/learn-go v0.0.0-20210629060509-cc7c6fa6610a/go.mod h1:glBEdsoQZmYskXbWo/DgvE29ADpYSXk1pVdGB+Iqu/s=
